
Microsoft Visual Studio Solution File, Format Version 12.00
# Visual Studio Version 17
VisualStudioVersion = 17.3.32825.248
MinimumVisualStudioVersion = 10.0.40219.1
Project("{9A19103F-16F7-4668-BE54-9A1E7A4F7556}") = "OnlineExaminationSystem.DataAccess", "OnlineExaminationSystem.DataAccess\OnlineExaminationSystem.DataAccess.csproj", "{6971DC43-9E3D-4902-B791-01D915A3C652}"
EndProject
Project("{9A19103F-16F7-4668-BE54-9A1E7A4F7556}") = "OnlineExaminationSystem.ViewModels", "OnlineExaminationSystem.ViewModels\OnlineExaminationSystem.ViewModels.csproj", "{A68E7171-4AFB-4B22-95EB-051485664F8D}"
EndProject
Project("{FAE04EC0-301F-11D3-BF4B-00C04F79EFBC}") = "OnlineExaminationSystem.BusinessLogic", "OnlineExaminationSystem.BLL\OnlineExaminationSystem.BusinessLogic.csproj", "{1BFF6DF9-C08C-4937-8686-540E752DEEE8}"
EndProject
Global
	GlobalSection(SolutionConfigurationPlatforms) = preSolution
		Debug|Any CPU = Debug|Any CPU
		Release|Any CPU = Release|Any CPU
	EndGlobalSection
	GlobalSection(ProjectConfigurationPlatforms) = postSolution
		{6971DC43-9E3D-4902-B791-01D915A3C652}.Debug|Any CPU.ActiveCfg = Debug|Any CPU
		{6971DC43-9E3D-4902-B791-01D915A3C652}.Debug|Any CPU.Build.0 = Debug|Any CPU
		{6971DC43-9E3D-4902-B791-01D915A3C652}.Release|Any CPU.ActiveCfg = Release|Any CPU
		{6971DC43-9E3D-4902-B791-01D915A3C652}.Release|Any CPU.Build.0 = Release|Any CPU
		{A68E7171-4AFB-4B22-95EB-051485664F8D}.Debug|Any CPU.ActiveCfg = Debug|Any CPU
		{A68E7171-4AFB-4B22-95EB-051485664F8D}.Debug|Any CPU.Build.0 = Debug|Any CPU
		{A68E7171-4AFB-4B22-95EB-051485664F8D}.Release|Any CPU.ActiveCfg = Release|Any CPU
		{A68E7171-4AFB-4B22-95EB-051485664F8D}.Release|Any CPU.Build.0 = Release|Any CPU
		{1BFF6DF9-C08C-4937-8686-540E752DEEE8}.Debug|Any CPU.ActiveCfg = Debug|Any CPU
		{1BFF6DF9-C08C-4937-8686-540E752DEEE8}.Debug|Any CPU.Build.0 = Debug|Any CPU
		{1BFF6DF9-C08C-4937-8686-540E752DEEE8}.Release|Any CPU.ActiveCfg = Release|Any CPU
		{1BFF6DF9-C08C-4937-8686-540E752DEEE8}.Release|Any CPU.Build.0 = Release|Any CPU
	EndGlobalSection
	GlobalSection(SolutionProperties) = preSolution
		HideSolutionNode = FALSE
	EndGlobalSection
	GlobalSection(ExtensibilityGlobals) = postSolution
		SolutionGuid = {DC9C03F1-B1CD-44BB-9183-97DCD6686C4A}
	EndGlobalSection
EndGlobal
